Microsoft Visual Studio Solution File, Format Version 12.00
# Visual Studio Version 17
VisualStudioVersion = 17.5.2.0
MinimumVisualStudioVersion = 10.0.40219.1
Project("{FAE04EC0-301F-11D3-BF4B-00C04F79EFBC}") = "BookManagerApi", "BookManagerApi.csproj", "{8A65E571-0FD0-F2F8-9BB5-56B44A8C6152}"
EndProject
Global
	GlobalSection(SolutionConfigurationPlatforms) = preSolution
		Debug|Any CPU = Debug|Any CPU
		Release|Any CPU = Release|Any CPU
	EndGlobalSection
	GlobalSection(ProjectConfigurationPlatforms) = postSolution
		{8A65E571-0FD0-F2F8-9BB5-56B44A8C6152}.Debug|Any CPU.ActiveCfg = Debug|Any CPU
		{8A65E571-0FD0-F2F8-9BB5-56B44A8C6152}.Debug|Any CPU.Build.0 = Debug|Any CPU
		{8A65E571-0FD0-F2F8-9BB5-56B44A8C6152}.Release|Any CPU.ActiveCfg = Release|Any CPU
		{8A65E571-0FD0-F2F8-9BB5-56B44A8C6152}.Release|Any CPU.Build.0 = Release|Any CPU
	EndGlobalSection
	GlobalSection(SolutionProperties) = preSolution
		HideSolutionNode = FALSE
	EndGlobalSection
	GlobalSection(ExtensibilityGlobals) = postSolution
		SolutionGuid = {F5251EE3-4312-45A7-A3EE-54056BB0CBA6}
	EndGlobalSection
EndGlobal
